
Microsoft Visual Studio Solution File, Format Version 12.00
# Visual Studio Version 16
VisualStudioVersion = 16.0.31129.286
MinimumVisualStudioVersion = 10.0.40219.1
Project("{FAE04EC0-301F-11D3-BF4B-00C04F79EFBC}") = "DoYourThings", "DoYourThings\DoYourThings.csproj", "{5DC12F9C-822C-4492-BB4E-D94354A63610}"
EndProject
Global
	GlobalSection(SolutionConfigurationPlatforms) = preSolution
		Debug|Any CPU = Debug|Any CPU
		Release|Any CPU = Release|Any CPU
	EndGlobalSection
	GlobalSection(ProjectConfigurationPlatforms) = postSolution
		{5DC12F9C-822C-4492-BB4E-D94354A63610}.Debug|Any CPU.ActiveCfg = Debug|Any CPU
		{5DC12F9C-822C-4492-BB4E-D94354A63610}.Debug|Any CPU.Build.0 = Debug|Any CPU
		{5DC12F9C-822C-4492-BB4E-D94354A63610}.Release|Any CPU.ActiveCfg = Release|Any CPU
		{5DC12F9C-822C-4492-BB4E-D94354A63610}.Release|Any CPU.Build.0 = Release|Any CPU
	EndGlobalSection
	GlobalSection(SolutionProperties) = preSolution
		HideSolutionNode = FALSE
	EndGlobalSection
	GlobalSection(ExtensibilityGlobals) = postSolution
		SolutionGuid = {7162AD42-C767-4986-810C-555901E7C62A}
	EndGlobalSection
EndGlobal
